
Microsoft Visual Studio Solution File, Format Version 12.00
# Visual Studio 15
VisualStudioVersion = 15.0.28010.2036
MinimumVisualStudioVersion = 10.0.40219.1
Project("{FAE04EC0-301F-11D3-BF4B-00C04F79EFBC}") = "FinalChallengePractice", "FinalChallengePractice\FinalChallengePractice.csproj", "{8063820F-4FDF-4446-A521-A929F131C928}"
EndProject
Global
	GlobalSection(SolutionConfigurationPlatforms) = preSolution
		Debug|Any CPU = Debug|Any CPU
		Release|Any CPU = Release|Any CPU
	EndGlobalSection
	GlobalSection(ProjectConfigurationPlatforms) = postSolution
		{8063820F-4FDF-4446-A521-A929F131C928}.Debug|Any CPU.ActiveCfg = Debug|Any CPU
		{8063820F-4FDF-4446-A521-A929F131C928}.Debug|Any CPU.Build.0 = Debug|Any CPU
		{8063820F-4FDF-4446-A521-A929F131C928}.Release|Any CPU.ActiveCfg = Release|Any CPU
		{8063820F-4FDF-4446-A521-A929F131C928}.Release|Any CPU.Build.0 = Release|Any CPU
	EndGlobalSection
	GlobalSection(SolutionProperties) = preSolution
		HideSolutionNode = FALSE
	EndGlobalSection
	GlobalSection(ExtensibilityGlobals) = postSolution
		SolutionGuid = {6BF78398-0A14-44E5-952B-D48A31D8622F}
	EndGlobalSection
EndGlobal
